// !$*UTF8*$!
{
	archiveVersion = 1;
	classes = {
	};
	objectVersion = 50;
	objects = {

/* Begin PBXBuildFile section */
		64549A9225FE82E700984CB8 /* 1397292-dot-png-dot-png-359_359_preview.png in Resources */ = {isa = PBXBuildFile; fileRef = 64549A9125FE82E700984CB8 /* 1397292-dot-png-dot-png-359_359_preview.png */; };
		64549A9A25FE835F00984CB8 /* kisspng-sphere-balloon-photography-dark-5ac45ca4f08e27.2177011015228182129853.jpg in Resources */ = {isa = PBXBuildFile; fileRef = 64549A9925FE835E00984CB8 /* kisspng-sphere-balloon-photography-dark-5ac45ca4f08e27.2177011015228182129853.jpg */; };
		64672F8425FD77A500FEC679 /* AppDelegate.swift in Sources */ = {isa = PBXBuildFile; fileRef = 64672F8325FD77A500FEC679 /* AppDelegate.swift */; };
		64672F8625FD77A500FEC679 /* SceneDelegate.swift in Sources */ = {isa = PBXBuildFile; fileRef = 64672F8525FD77A500FEC679 /* SceneDelegate.swift */; };
		64672F8825FD77A500FEC679 /* ViewController.swift in Sources */ = {isa = PBXBuildFile; fileRef = 64672F8725FD77A500FEC679 /* ViewController.swift */; };
		64672F8B25FD77A500FEC679 /* Main.storyboard in Resources */ = {isa = PBXBuildFile; fileRef = 64672F8925FD77A500FEC679 /* Main.storyboard */; };
		64672F8D25FD77A900FEC679 /* Assets.xcassets in Resources */ = {isa = PBXBuildFile; fileRef = 64672F8C25FD77A900FEC679 /* Assets.xcassets */; };
		64672F9025FD77A900FEC679 /* LaunchScreen.storyboard in Resources */ = {isa = PBXBuildFile; fileRef = 64672F8E25FD77A900FEC679 /* LaunchScreen.storyboard */; };
		64672F9B25FD77AA00FEC679 /* HackathonTests.swift in Sources */ = {isa = PBXBuildFile; fileRef = 64672F9A25FD77AA00FEC679 /* HackathonTests.swift */; };
		64672FA625FD77AA00FEC679 /* HackathonUITests.swift in Sources */ = {isa = PBXBuildFile; fileRef = 64672FA525FD77AA00FEC679 /* HackathonUITests.swift */; };
		6491E8D025FE7B0400E4B9D1 /* Sound.mp3 in Resources */ = {isa = PBXBuildFile; fileRef = 6491E8CF25FE7B0300E4B9D1 /* Sound.mp3 */; };
/* End PBXBuildFile section */

/* Begin PBXContainerItemProxy section */
		64672F9725FD77AA00FEC679 /* PBXContainerItemProxy */ = {
			isa = PBXContainerItemProxy;
			containerPortal = 64672F7825FD77A500FEC679 /* Project object */;
			proxyType = 1;
			remoteGlobalIDString = 64672F7F25FD77A500FEC679;
			remoteInfo = Hackathon;
		};
		64672FA225FD77AA00FEC679 /* PBXContainerItemProxy */ = {
			isa = PBXContainerItemProxy;
			containerPortal = 64672F7825FD77A500FEC679 /* Project object */;
			proxyType = 1;
			remoteGlobalIDString = 64672F7F25FD77A500FEC679;
			remoteInfo = Hackathon;
		};
/* End PBXContainerItemProxy section */

/* Begin PBXFileReference section */
		64549A9125FE82E700984CB8 /* 1397292-dot-png-dot-png-359_359_preview.png */ = {isa = PBXFileReference; lastKnownFileType = image.png; name = "1397292-dot-png-dot-png-359_359_preview.png"; path = "../../1397292-dot-png-dot-png-359_359_preview.png"; sourceTree = "<group>"; };
		64549A9925FE835E00984CB8 /* kisspng-sphere-balloon-photography-dark-5ac45ca4f08e27.2177011015228182129853.jpg */ = {isa = PBXFileReference; lastKnownFileType = image.jpeg; name = "kisspng-sphere-balloon-photography-dark-5ac45ca4f08e27.2177011015228182129853.jpg"; path = "../../../Downloads/kisspng-sphere-balloon-photography-dark-5ac45ca4f08e27.2177011015228182129853.jpg"; sourceTree = "<group>"; };
		64672F8025FD77A500FEC679 /* Hackathon.app */ = {isa = PBXFileReference; explicitFileType = wrapper.application; includeInIndex = 0; path = Hackathon.app; sourceTree = BUILT_PRODUCTS_DIR; };
		64672F8325FD77A500FEC679 /* AppDelegate.swift */ = {isa = PBXFileReference; lastKnownFileType = sourcecode.swift; path = AppDelegate.swift; sourceTree = "<group>"; };
		64672F8525FD77A500FEC679 /* SceneDelegate.swift */ = {isa = PBXFileReference; lastKnownFileType = sourcecode.swift; path = SceneDelegate.swift; sourceTree = "<group>"; };
		64672F8725FD77A500FEC679 /* ViewController.swift */ = {isa = PBXFileReference; lastKnownFileType = sourcecode.swift; path = ViewController.swift; sourceTree = "<group>"; };
		64672F8A25FD77A500FEC679 /* Base */ = {isa = PBXFileReference; lastKnownFileType = file.storyboard; name = Base; path = Base.lproj/Main.storyboard; sourceTree = "<group>"; };
		64672F8C25FD77A900FEC679 /* Assets.xcassets */ = {isa = PBXFileReference; lastKnownFileType = folder.assetcatalog; path = Assets.xcassets; sourceTree = "<group>"; };
		64672F8F25FD77A900FEC679 /* Base */ = {isa = PBXFileReference; lastKnownFileType = file.storyboard; name = Base; path = Base.lproj/LaunchScreen.storyboard; sourceTree = "<group>"; };
		64672F9125FD77A900FEC679 /* Info.plist */ = {isa = PBXFileReference; lastKnownFileType = text.plist.xml; path = Info.plist; sourceTree = "<group>"; };
		64672F9625FD77AA00FEC679 /* HackathonTests.xctest */ = {isa = PBXFileReference; explicitFileType = wrapper.cfbundle; includeInIndex = 0; path = HackathonTests.xctest; sourceTree = BUILT_PRODUCTS_DIR; };
		64672F9A25FD77AA00FEC679 /* HackathonTests.swift */ = {isa = PBXFileReference; lastKnownFileType = sourcecode.swift; path = HackathonTests.swift; sourceTree = "<group>"; };
		64672F9C25FD77AA00FEC679 /* Info.plist */ = {isa = PBXFileReference; lastKnownFileType = text.plist.xml; path = Info.plist; sourceTree = "<group>"; };
		64672FA125FD77AA00FEC679 /* HackathonUITests.xctest */ = {isa = PBXFileReference; explicitFileType = wrapper.cfbundle; includeInIndex = 0; path = HackathonUITests.xctest; sourceTree = BUILT_PRODUCTS_DIR; };
		64672FA525FD77AA00FEC679 /* HackathonUITests.swift */ = {isa = PBXFileReference; lastKnownFileType = sourcecode.swift; path = HackathonUITests.swift; sourceTree = "<group>"; };
		64672FA725FD77AA00FEC679 /* Info.plist */ = {isa = PBXFileReference; lastKnownFileType = text.plist.xml; path = Info.plist; sourceTree = "<group>"; };
		6491E8CF25FE7B0300E4B9D1 /* Sound.mp3 */ = {isa = PBXFileReference; lastKnownFileType = audio.mp3; name = Sound.mp3; path = ../../../Downloads/Sound.mp3; sourceTree = "<group>"; };
/* End PBXFileReference section */

/* Begin PBXFrameworksBuildPhase section */
		64672F7D25FD77A500FEC679 /* Frameworks */ = {
			isa = PBXFrameworksBuildPhase;
			buildActionMask = 2147483647;
			files = (
			);
			runOnlyForDeploymentPostprocessing = 0;
		};
		64672F9325FD77AA00FEC679 /* Frameworks */ = {
			isa = PBXFrameworksBuildPhase;
			buildActionMask = 2147483647;
			files = (
			);
			runOnlyForDeploymentPostprocessing = 0;
		};
		64672F9E25FD77AA00FEC679 /* Frameworks */ = {
			isa = PBXFrameworksBuildPhase;
			buildActionMask = 2147483647;
			files = (
			);
			runOnlyForDeploymentPostprocessing = 0;
		};
/* End PBXFrameworksBuildPhase section */

/* Begin PBXGroup section */
		64672F7725FD77A500FEC679 = {
			isa = PBXGroup;
			children = (
				64672F8225FD77A500FEC679 /* Hackathon */,
				64672F9925FD77AA00FEC679 /* HackathonTests */,
				64672FA425FD77AA00FEC679 /* HackathonUITests */,
				64672F8125FD77A500FEC679 /* Products */,
			);
			sourceTree = "<group>";
		};
		64672F8125FD77A500FEC679 /* Products */ = {
			isa = PBXGroup;
			children = (
				64672F8025FD77A500FEC679 /* Hackathon.app */,
				64672F9625FD77AA00FEC679 /* HackathonTests.xctest */,
				64672FA125FD77AA00FEC679 /* HackathonUITests.xctest */,
			);
			name = Products;
			sourceTree = "<group>";
		};
		64672F8225FD77A500FEC679 /* Hackathon */ = {
			isa = PBXGroup;
			children = (
				64672F8325FD77A500FEC679 /* AppDelegate.swift */,
				64672F8525FD77A500FEC679 /* SceneDelegate.swift */,
				64672F8725FD77A500FEC679 /* ViewController.swift */,
				64672F8925FD77A500FEC679 /* Main.storyboard */,
				64672F8C25FD77A900FEC679 /* Assets.xcassets */,
				64549A9125FE82E700984CB8 /* 1397292-dot-png-dot-png-359_359_preview.png */,
				64549A9925FE835E00984CB8 /* kisspng-sphere-balloon-photography-dark-5ac45ca4f08e27.2177011015228182129853.jpg */,
				64672F8E25FD77A900FEC679 /* LaunchScreen.storyboard */,
				6491E8CF25FE7B0300E4B9D1 /* Sound.mp3 */,
				64672F9125FD77A900FEC679 /* Info.plist */,
			);
			path = Hackathon;
			sourceTree = "<group>";
		};
		64672F9925FD77AA00FEC679 /* HackathonTests */ = {
			isa = PBXGroup;
			children = (
				64672F9A25FD77AA00FEC679 /* HackathonTests.swift */,
				64672F9C25FD77AA00FEC679 /* Info.plist */,
			);
			path = HackathonTests;
			sourceTree = "<group>";
		};
		64672FA425FD77AA00FEC679 /* HackathonUITests */ = {
			isa = PBXGroup;
			children = (
				64672FA525FD77AA00FEC679 /* HackathonUITests.swift */,
				64672FA725FD77AA00FEC679 /* Info.plist */,
			);
			path = HackathonUITests;
			sourceTree = "<group>";
		};
/* End PBXGroup section */

/* Begin PBXNativeTarget section */
		64672F7F25FD77A500FEC679 /* Hackathon */ = {
			isa = PBXNativeTarget;
			buildConfigurationList = 64672FAA25FD77AA00FEC679 /* Build configuration list for PBXNativeTarget "Hackathon" */;
			buildPhases = (
				64672F7C25FD77A500FEC679 /* Sources */,
				64672F7D25FD77A500FEC679 /* Frameworks */,
				64672F7E25FD77A500FEC679 /* Resources */,
			);
			buildRules = (
			);
			dependencies = (
			);
			name = Hackathon;
			productName = Hackathon;
			productReference = 64672F8025FD77A500FEC679 /* Hackathon.app */;
			productType = "com.apple.product-type.application";
		};
		64672F9525FD77AA00FEC679 /* HackathonTests */ = {
			isa = PBXNativeTarget;
			buildConfigurationList = 64672FAD25FD77AA00FEC679 /* Build configuration list for PBXNativeTarget "HackathonTests" */;
			buildPhases = (
				64672F9225FD77AA00FEC679 /* Sources */,
				64672F9325FD77AA00FEC679 /* Frameworks */,
				64672F9425FD77AA00FEC679 /* Resources */,
			);
			buildRules = (
			);
			dependencies = (
				64672F9825FD77AA00FEC679 /* PBXTargetDependency */,
			);
			name = HackathonTests;
			productName = HackathonTests;
			productReference = 64672F9625FD77AA00FEC679 /* HackathonTests.xctest */;
			productType = "com.apple.product-type.bundle.unit-test";
		};
		64672FA025FD77AA00FEC679 /* HackathonUITests */ = {
			isa = PBXNativeTarget;
			buildConfigurationList = 64672FB025FD77AA00FEC679 /* Build configuration list for PBXNativeTarget "HackathonUITests" */;
			buildPhases = (
				64672F9D25FD77AA00FEC679 /* Sources */,
				64672F9E25FD77AA00FEC679 /* Frameworks */,
				64672F9F25FD77AA00FEC679 /* Resources */,
			);
			buildRules = (
			);
			dependencies = (
				64672FA325FD77AA00FEC679 /* PBXTargetDependency */,
			);
			name = HackathonUITests;
			productName = HackathonUITests;
			productReference = 64672FA125FD77AA00FEC679 /* HackathonUITests.xctest */;
			productType = "com.apple.product-type.bundle.ui-testing";
		};
/* End PBXNativeTarget section */

/* Begin PBXProject section */
		64672F7825FD77A500FEC679 /* Project object */ = {
			isa = PBXProject;
			attributes = {
				LastSwiftUpdateCheck = 1240;
				LastUpgradeCheck = 1240;
				TargetAttributes = {
					64672F7F25FD77A500FEC679 = {
						CreatedOnToolsVersion = 12.4;
					};
					64672F9525FD77AA00FEC679 = {
						CreatedOnToolsVersion = 12.4;
						TestTargetID = 64672F7F25FD77A500FEC679;
					};
					64672FA025FD77AA00FEC679 = {
						CreatedOnToolsVersion = 12.4;
						TestTargetID = 64672F7F25FD77A500FEC679;
					};
				};
			};
			buildConfigurationList = 64672F7B25FD77A500FEC679 /* Build configuration list for PBXProject "Hackathon" */;
			compatibilityVersion = "Xcode 9.3";
			developmentRegion = en;
			hasScannedForEncodings = 0;
			knownRegions = (
				en,
				Base,
			);
			mainGroup = 64672F7725FD77A500FEC679;
			productRefGroup = 64672F8125FD77A500FEC679 /* Products */;
			projectDirPath = "";
			projectRoot = "";
			targets = (
				64672F7F25FD77A500FEC679 /* Hackathon */,
				64672F9525FD77AA00FEC679 /* HackathonTests */,
				64672FA025FD77AA00FEC679 /* HackathonUITests */,
			);
		};
/* End PBXProject section */

/* Begin PBXResourcesBuildPhase section */
		64672F7E25FD77A500FEC679 /* Resources */ = {
			isa = PBXResourcesBuildPhase;
			buildActionMask = 2147483647;
			files = (
				64549A9225FE82E700984CB8 /* 1397292-dot-png-dot-png-359_359_preview.png in Resources */,
				64672F9025FD77A900FEC679 /* LaunchScreen.storyboard in Resources */,
				64672F8D25FD77A900FEC679 /* Assets.xcassets in Resources */,
				6491E8D025FE7B0400E4B9D1 /* Sound.mp3 in Resources */,
				64672F8B25FD77A500FEC679 /* Main.storyboard in Resources */,
				64549A9A25FE835F00984CB8 /* kisspng-sphere-balloon-photography-dark-5ac45ca4f08e27.2177011015228182129853.jpg in Resources */,
			);
			runOnlyForDeploymentPostprocessing = 0;
		};
		64672F9425FD77AA00FEC679 /* Resources */ = {
			isa = PBXResourcesBuildPhase;
			buildActionMask = 2147483647;
			files = (
			);
			runOnlyForDeploymentPostprocessing = 0;
		};
		64672F9F25FD77AA00FEC679 /* Resources */ = {
			isa = PBXResourcesBuildPhase;
			buildActionMask = 2147483647;
			files = (
			);
			runOnlyForDeploymentPostprocessing = 0;
		};
/* End PBXResourcesBuildPhase section */

/* Begin PBXSourcesBuildPhase section */
		64672F7C25FD77A500FEC679 /* Sources */ = {
			isa = PBXSourcesBuildPhase;
			buildActionMask = 2147483647;
			files = (
				64672F8825FD77A500FEC679 /* ViewController.swift in Sources */,
				64672F8425FD77A500FEC679 /* AppDelegate.swift in Sources */,
				64672F8625FD77A500FEC679 /* SceneDelegate.swift in Sources */,
			);
			runOnlyForDeploymentPostprocessing = 0;
		};
		64672F9225FD77AA00FEC679 /* Sources */ = {
			isa = PBXSourcesBuildPhase;
			buildActionMask = 2147483647;
			files = (
				64672F9B25FD77AA00FEC679 /* HackathonTests.swift in Sources */,
			);
			runOnlyForDeploymentPostprocessing = 0;
		};
		64672F9D25FD77AA00FEC679 /* Sources */ = {
			isa = PBXSourcesBuildPhase;
			buildActionMask = 2147483647;
			files = (
				64672FA625FD77AA00FEC679 /* HackathonUITests.swift in Sources */,
			);
			runOnlyForDeploymentPostprocessing = 0;
		};
/* End PBXSourcesBuildPhase section */

/* Begin PBXTargetDependency section */
		64672F9825FD77AA00FEC679 /* PBXTargetDependency */ = {
			isa = PBXTargetDependency;
			target = 64672F7F25FD77A500FEC679 /* Hackathon */;
			targetProxy = 64672F9725FD77AA00FEC679 /* PBXContainerItemProxy */;
		};
		64672FA325FD77AA00FEC679 /* PBXTargetDependency */ = {
			isa = PBXTargetDependency;
			target = 64672F7F25FD77A500FEC679 /* Hackathon */;
			targetProxy = 64672FA225FD77AA00FEC679 /* PBXContainerItemProxy */;
		};
/* End PBXTargetDependency section */

/* Begin PBXVariantGroup section */
		64672F8925FD77A500FEC679 /* Main.storyboard */ = {
			isa = PBXVariantGroup;
			children = (
				64672F8A25FD77A500FEC679 /* Base */,
			);
			name = Main.storyboard;
			sourceTree = "<group>";
		};
		64672F8E25FD77A900FEC679 /* LaunchScreen.storyboard */ = {
			isa = PBXVariantGroup;
			children = (
				64672F8F25FD77A900FEC679 /* Base */,
			);
			name = LaunchScreen.storyboard;
			sourceTree = "<group>";
		};
/* End PBXVariantGroup section */

/* Begin XCBuildConfiguration section */
		64672FA825FD77AA00FEC679 /* Debug */ = {
			isa = XCBuildConfiguration;
			buildSettings = {
				ALWAYS_SEARCH_USER_PATHS = NO;
				CLANG_ANALYZER_NONNULL = YES;
				CLANG_ANALYZER_NUMBER_OBJECT_CONVERSION = YES_AGGRESSIVE;
				CLANG_CXX_LANGUAGE_STANDARD = "gnu++14";
				CLANG_CXX_LIBRARY = "libc++";
				CLANG_ENABLE_MODULES = YES;
				CLANG_ENABLE_OBJC_ARC = YES;
				CLANG_ENABLE_OBJC_WEAK = YES;
				CLANG_WARN_BLOCK_CAPTURE_AUTORELEASING = YES;
				CLANG_WARN_BOOL_CONVERSION = YES;
				CLANG_WARN_COMMA = YES;
				CLANG_WARN_CONSTANT_CONVERSION = YES;
				CLANG_WARN_DEPRECATED_OBJC_IMPLEMENTATIONS = YES;
				CLANG_WARN_DIRECT_OBJC_ISA_USAGE = YES_ERROR;
				CLANG_WARN_DOCUMENTATION_COMMENTS = YES;
				CLANG_WARN_EMPTY_BODY = YES;
				CLANG_WARN_ENUM_CONVERSION = YES;
				CLANG_WARN_INFINITE_RECURSION = YES;
				CLANG_WARN_INT_CONVERSION = YES;
				CLANG_WARN_NON_LITERAL_NULL_CONVERSION = YES;
				CLANG_WARN_OBJC_IMPLICIT_RETAIN_SELF = YES;
				CLANG_WARN_OBJC_LITERAL_CONVERSION = YES;
				CLANG_WARN_OBJC_ROOT_CLASS = YES_ERROR;
				CLANG_WARN_QUOTED_INCLUDE_IN_FRAMEWORK_HEADER = YES;
				CLANG_WARN_RANGE_LOOP_ANALYSIS = YES;
				CLANG_WARN_STRICT_PROTOTYPES = YES;
				CLANG_WARN_SUSPICIOUS_MOVE = YES;
				CLANG_WARN_UNGUARDED_AVAILABILITY = YES_AGGRESSIVE;
				CLANG_WARN_UNREACHABLE_CODE = YES;
				CLANG_WARN__DUPLICATE_METHOD_MATCH = YES;
				COPY_PHASE_STRIP = NO;
				DEBUG_INFORMATION_FORMAT = dwarf;
				ENABLE_STRICT_OBJC_MSGSEND = YES;
				ENABLE_TESTABILITY = YES;
				GCC_C_LANGUAGE_STANDARD = gnu11;
				GCC_DYNAMIC_NO_PIC = NO;
				GCC_NO_COMMON_BLOCKS = YES;
				GCC_OPTIMIZATION_LEVEL = 0;
				GCC_PREPROCESSOR_DEFINITIONS = (
					"DEBUG=1",
					"$(inherited)",
				);
				GCC_WARN_64_TO_32_BIT_CONVERSION = YES;
				GCC_WARN_ABOUT_RETURN_TYPE = YES_ERROR;
				GCC_WARN_UNDECLARED_SELECTOR = YES;
				GCC_WARN_UNINITIALIZED_AUTOS = YES_AGGRESSIVE;
				GCC_WARN_UNUSED_FUNCTION = YES;
				GCC_WARN_UNUSED_VARIABLE = YES;
				IPHONEOS_DEPLOYMENT_TARGET = 14.4;
				MTL_ENABLE_DEBUG_INFO = INCLUDE_SOURCE;
				MTL_FAST_MATH = YES;
				ONLY_ACTIVE_ARCH = YES;
				SDKROOT = iphoneos;
				SWIFT_ACTIVE_COMPILATION_CONDITIONS = DEBUG;
				SWIFT_OPTIMIZATION_LEVEL = "-Onone";
			};
			name = Debug;
		};
		64672FA925FD77AA00FEC679 /* Release */ = {
			isa = XCBuildConfiguration;
			buildSettings = {
				ALWAYS_SEARCH_USER_PATHS = NO;
				CLANG_ANALYZER_NONNULL = YES;
				CLANG_ANALYZER_NUMBER_OBJECT_CONVERSION = YES_AGGRESSIVE;
				CLANG_CXX_LANGUAGE_STANDARD = "gnu++14";
				CLANG_CXX_LIBRARY = "libc++";
				CLANG_ENABLE_MODULES = YES;
				CLANG_ENABLE_OBJC_ARC = YES;
				CLANG_ENABLE_OBJC_WEAK = YES;
				CLANG_WARN_BLOCK_CAPTURE_AUTORELEASING = YES;
				CLANG_WARN_BOOL_CONVERSION = YES;
				CLANG_WARN_COMMA = YES;
				CLANG_WARN_CONSTANT_CONVERSION = YES;
				CLANG_WARN_DEPRECATED_OBJC_IMPLEMENTATIONS = YES;
				CLANG_WARN_DIRECT_OBJC_ISA_USAGE = YES_ERROR;
				CLANG_WARN_DOCUMENTATION_COMMENTS = YES;
				CLANG_WARN_EMPTY_BODY = YES;
				CLANG_WARN_ENUM_CONVERSION = YES;
				CLANG_WARN_INFINITE_RECURSION = YES;
				CLANG_WARN_INT_CONVERSION = YES;
				CLANG_WARN_NON_LITERAL_NULL_CONVERSION = YES;
				CLANG_WARN_OBJC_IMPLICIT_RETAIN_SELF = YES;
				CLANG_WARN_OBJC_LITERAL_CONVERSION = YES;
				CLANG_WARN_OBJC_ROOT_CLASS = YES_ERROR;
				CLANG_WARN_QUOTED_INCLUDE_IN_FRAMEWORK_HEADER = YES;
				CLANG_WARN_RANGE_LOOP_ANALYSIS = YES;
				CLANG_WARN_STRICT_PROTOTYPES = YES;
				CLANG_WARN_SUSPICIOUS_MOVE = YES;
				CLANG_WARN_UNGUARDED_AVAILABILITY = YES_AGGRESSIVE;
				CLANG_WARN_UNREACHABLE_CODE = YES;
				CLANG_WARN__DUPLICATE_METHOD_MATCH = YES;
				COPY_PHASE_STRIP = NO;
				DEBUG_INFORMATION_FORMAT = "dwarf-with-dsym";
				ENABLE_NS_ASSERTIONS = NO;
				ENABLE_STRICT_OBJC_MSGSEND = YES;
				GCC_C_LANGUAGE_STANDARD = gnu11;
				GCC_NO_COMMON_BLOCKS = YES;
				GCC_WARN_64_TO_32_BIT_CONVERSION = YES;
				GCC_WARN_ABOUT_RETURN_TYPE = YES_ERROR;
				GCC_WARN_UNDECLARED_SELECTOR = YES;
				GCC_WARN_UNINITIALIZED_AUTOS = YES_AGGRESSIVE;
				GCC_WARN_UNUSED_FUNCTION = YES;
				GCC_WARN_UNUSED_VARIABLE = YES;
				IPHONEOS_DEPLOYMENT_TARGET = 14.4;
				MTL_ENABLE_DEBUG_INFO = NO;
				MTL_FAST_MATH = YES;
				SDKROOT = iphoneos;
				SWIFT_COMPILATION_MODE = wholemodule;
				SWIFT_OPTIMIZATION_LEVEL = "-O";
				VALIDATE_PRODUCT = YES;
			};
			name = Release;
		};
		64672FAB25FD77AA00FEC679 /* Debug */ = {
			isa = XCBuildConfiguration;
			buildSettings = {
				ASSETCATALOG_COMPILER_APPICON_NAME = AppIcon;
				ASSETCATALOG_COMPILER_GLOBAL_ACCENT_COLOR_NAME = AccentColor;
				CODE_SIGN_STYLE = Automatic;
				INFOPLIST_FILE = Hackathon/Info.plist;
				LD_RUNPATH_SEARCH_PATHS = (
					"$(inherited)",
					"@executable_path/Frameworks",
				);
				PRODUCT_BUNDLE_IDENTIFIER = com.BelH.Hackathon;
				PRODUCT_NAME = "$(TARGET_NAME)";
				SWIFT_VERSION = 5.0;
				TARGETED_DEVICE_FAMILY = "1,2";
			};
			name = Debug;
		};
		64672FAC25FD77AA00FEC679 /* Release */ = {
			isa = XCBuildConfiguration;
			buildSettings = {
				ASSETCATALOG_COMPILER_APPICON_NAME = AppIcon;
				ASSETCATALOG_COMPILER_GLOBAL_ACCENT_COLOR_NAME = AccentColor;
				CODE_SIGN_STYLE = Automatic;
				INFOPLIST_FILE = Hackathon/Info.plist;
				LD_RUNPATH_SEARCH_PATHS = (
					"$(inherited)",
					"@executable_path/Frameworks",
				);
				PRODUCT_BUNDLE_IDENTIFIER = com.BelH.Hackathon;
				PRODUCT_NAME = "$(TARGET_NAME)";
				SWIFT_VERSION = 5.0;
				TARGETED_DEVICE_FAMILY = "1,2";
			};
			name = Release;
		};
		64672FAE25FD77AA00FEC679 /* Debug */ = {
			isa = XCBuildConfiguration;
			buildSettings = {
				ALWAYS_EMBED_SWIFT_STANDARD_LIBRARIES = YES;
				BUNDLE_LOADER = "$(TEST_HOST)";
				CODE_SIGN_STYLE = Automatic;
				INFOPLIST_FILE = HackathonTests/Info.plist;
				IPHONEOS_DEPLOYMENT_TARGET = 14.4;
				LD_RUNPATH_SEARCH_PATHS = (
					"$(inherited)",
					"@executable_path/Frameworks",
					"@loader_path/Frameworks",
				);
				PRODUCT_BUNDLE_IDENTIFIER = com.BelH.HackathonTests;
				PRODUCT_NAME = "$(TARGET_NAME)";
				SWIFT_VERSION = 5.0;
				TARGETED_DEVICE_FAMILY = "1,2";
				TEST_HOST = "$(BUILT_PRODUCTS_DIR)/Hackathon.app/Hackathon";
			};
			name = Debug;
		};
		64672FAF25FD77AA00FEC679 /* Release */ = {
			isa = XCBuildConfiguration;
			buildSettings = {
				ALWAYS_EMBED_SWIFT_STANDARD_LIBRARIES = YES;
				BUNDLE_LOADER = "$(TEST_HOST)";
				CODE_SIGN_STYLE = Automatic;
				INFOPLIST_FILE = HackathonTests/Info.plist;
				IPHONEOS_DEPLOYMENT_TARGET = 14.4;
				LD_RUNPATH_SEARCH_PATHS = (
					"$(inherited)",
					"@executable_path/Frameworks",
					"@loader_path/Frameworks",
				);
				PRODUCT_BUNDLE_IDENTIFIER = com.BelH.HackathonTests;
				PRODUCT_NAME = "$(TARGET_NAME)";
				SWIFT_VERSION = 5.0;
				TARGETED_DEVICE_FAMILY = "1,2";
				TEST_HOST = "$(BUILT_PRODUCTS_DIR)/Hackathon.app/Hackathon";
			};
			name = Release;
		};
		64672FB125FD77AA00FEC679 /* Debug */ = {
			isa = XCBuildConfiguration;
			buildSettings = {
				ALWAYS_EMBED_SWIFT_STANDARD_LIBRARIES = YES;
				CODE_SIGN_STYLE = Automatic;
				INFOPLIST_FILE = HackathonUITests/Info.plist;
				LD_RUNPATH_SEARCH_PATHS = (
					"$(inherited)",
					"@executable_path/Frameworks",
					"@loader_path/Frameworks",
				);
				PRODUCT_BUNDLE_IDENTIFIER = com.BelH.HackathonUITests;
				PRODUCT_NAME = "$(TARGET_NAME)";
				SWIFT_VERSION = 5.0;
				TARGETED_DEVICE_FAMILY = "1,2";
				TEST_TARGET_NAME = Hackathon;
			};
			name = Debug;
		};
		64672FB225FD77AA00FEC679 /* Release */ = {
			isa = XCBuildConfiguration;
			buildSettings = {
				ALWAYS_EMBED_SWIFT_STANDARD_LIBRARIES = YES;
				CODE_SIGN_STYLE = Automatic;
				INFOPLIST_FILE = HackathonUITests/Info.plist;
				LD_RUNPATH_SEARCH_PATHS = (
					"$(inherited)",
					"@executable_path/Frameworks",
					"@loader_path/Frameworks",
				);
				PRODUCT_BUNDLE_IDENTIFIER = com.BelH.HackathonUITests;
				PRODUCT_NAME = "$(TARGET_NAME)";
				SWIFT_VERSION = 5.0;
				TARGETED_DEVICE_FAMILY = "1,2";
				TEST_TARGET_NAME = Hackathon;
			};
			name = Release;
		};
/* End XCBuildConfiguration section */

/* Begin XCConfigurationList section */
		64672F7B25FD77A500FEC679 /* Build configuration list for PBXProject "Hackathon" */ = {
			isa = XCConfigurationList;
			buildConfigurations = (
				64672FA825FD77AA00FEC679 /* Debug */,
				64672FA925FD77AA00FEC679 /* Release */,
			);
			defaultConfigurationIsVisible = 0;
			defaultConfigurationName = Release;
		};
		64672FAA25FD77AA00FEC679 /* Build configuration list for PBXNativeTarget "Hackathon" */ = {
			isa = XCConfigurationList;
			buildConfigurations = (
				64672FAB25FD77AA00FEC679 /* Debug */,
				64672FAC25FD77AA00FEC679 /* Release */,
			);
			defaultConfigurationIsVisible = 0;
			defaultConfigurationName = Release;
		};
		64672FAD25FD77AA00FEC679 /* Build configuration list for PBXNativeTarget "HackathonTests" */ = {
			isa = XCConfigurationList;
			buildConfigurations = (
				64672FAE25FD77AA00FEC679 /* Debug */,
				64672FAF25FD77AA00FEC679 /* Release */,
			);
			defaultConfigurationIsVisible = 0;
			defaultConfigurationName = Release;
		};
		64672FB025FD77AA00FEC679 /* Build configuration list for PBXNativeTarget "HackathonUITests" */ = {
			isa = XCConfigurationList;
			buildConfigurations = (
				64672FB125FD77AA00FEC679 /* Debug */,
				64672FB225FD77AA00FEC679 /* Release */,
			);
			defaultConfigurationIsVisible = 0;
			defaultConfigurationName = Release;
		};
/* End XCConfigurationList section */
	};
	rootObject = 64672F7825FD77A500FEC679 /* Project object */;
}
